
Microsoft Visual Studio Solution File, Format Version 12.00
# Visual Studio Version 17
VisualStudioVersion = 17.4.33213.308
MinimumVisualStudioVersion = 10.0.40219.1
Project("{8BC9CEB8-8B4A-11D0-8D11-00A0C91BC942}") = "TH.Uniq_lock", "TH.Uniq_lock.vcxproj", "{FF6CFF4E-3DBA-4129-93A6-0663F4C1BC11}"
EndProject
Global
	GlobalSection(SolutionConfigurationPlatforms) = preSolution
		Debug|x64 = Debug|x64
		Debug|x86 = Debug|x86
		Release|x64 = Release|x64
		Release|x86 = Release|x86
	EndGlobalSection
	GlobalSection(ProjectConfigurationPlatforms) = postSolution
		{FF6CFF4E-3DBA-4129-93A6-0663F4C1BC11}.Debug|x64.ActiveCfg = Debug|x64
		{FF6CFF4E-3DBA-4129-93A6-0663F4C1BC11}.Debug|x64.Build.0 = Debug|x64
		{FF6CFF4E-3DBA-4129-93A6-0663F4C1BC11}.Debug|x86.ActiveCfg = Debug|Win32
		{FF6CFF4E-3DBA-4129-93A6-0663F4C1BC11}.Debug|x86.Build.0 = Debug|Win32
		{FF6CFF4E-3DBA-4129-93A6-0663F4C1BC11}.Release|x64.ActiveCfg = Release|x64
		{FF6CFF4E-3DBA-4129-93A6-0663F4C1BC11}.Release|x64.Build.0 = Release|x64
		{FF6CFF4E-3DBA-4129-93A6-0663F4C1BC11}.Release|x86.ActiveCfg = Release|Win32
		{FF6CFF4E-3DBA-4129-93A6-0663F4C1BC11}.Release|x86.Build.0 = Release|Win32
	EndGlobalSection
	GlobalSection(SolutionProperties) = preSolution
		HideSolutionNode = FALSE
	EndGlobalSection
	GlobalSection(ExtensibilityGlobals) = postSolution
		SolutionGuid = {838E8D94-BB52-4BD2-9981-AE0189D089BD}
	EndGlobalSection
EndGlobal
