
Microsoft Visual Studio Solution File, Format Version 12.00
# Visual Studio Version 17
VisualStudioVersion = 17.4.33213.308
MinimumVisualStudioVersion = 10.0.40219.1
Project("{8BC9CEB8-8B4A-11D0-8D11-00A0C91BC942}") = "Динамический массив", "Динамический массив.vcxproj", "{DF757BB1-0D7E-46AD-8159-F85738F37121}"
EndProject
Global
	GlobalSection(SolutionConfigurationPlatforms) = preSolution
		Debug|x64 = Debug|x64
		Debug|x86 = Debug|x86
		Release|x64 = Release|x64
		Release|x86 = Release|x86
	EndGlobalSection
	GlobalSection(ProjectConfigurationPlatforms) = postSolution
		{DF757BB1-0D7E-46AD-8159-F85738F37121}.Debug|x64.ActiveCfg = Debug|x64
		{DF757BB1-0D7E-46AD-8159-F85738F37121}.Debug|x64.Build.0 = Debug|x64
		{DF757BB1-0D7E-46AD-8159-F85738F37121}.Debug|x86.ActiveCfg = Debug|Win32
		{DF757BB1-0D7E-46AD-8159-F85738F37121}.Debug|x86.Build.0 = Debug|Win32
		{DF757BB1-0D7E-46AD-8159-F85738F37121}.Release|x64.ActiveCfg = Release|x64
		{DF757BB1-0D7E-46AD-8159-F85738F37121}.Release|x64.Build.0 = Release|x64
		{DF757BB1-0D7E-46AD-8159-F85738F37121}.Release|x86.ActiveCfg = Release|Win32
		{DF757BB1-0D7E-46AD-8159-F85738F37121}.Release|x86.Build.0 = Release|Win32
	EndGlobalSection
	GlobalSection(SolutionProperties) = preSolution
		HideSolutionNode = FALSE
	EndGlobalSection
	GlobalSection(ExtensibilityGlobals) = postSolution
		SolutionGuid = {B14212A7-7B40-4F29-AACC-7299E8326577}
	EndGlobalSection
EndGlobal
