
Microsoft Visual Studio Solution File, Format Version 12.00
# Visual Studio Version 17
VisualStudioVersion = 17.4.33213.308
MinimumVisualStudioVersion = 10.0.40219.1
Project("{8BC9CEB8-8B4A-11D0-8D11-00A0C91BC942}") = "Сссылки", "Сссылки.vcxproj", "{884BF27D-322B-4C64-86F6-20754F3B2523}"
EndProject
Global
	GlobalSection(SolutionConfigurationPlatforms) = preSolution
		Debug|x64 = Debug|x64
		Debug|x86 = Debug|x86
		Release|x64 = Release|x64
		Release|x86 = Release|x86
	EndGlobalSection
	GlobalSection(ProjectConfigurationPlatforms) = postSolution
		{884BF27D-322B-4C64-86F6-20754F3B2523}.Debug|x64.ActiveCfg = Debug|x64
		{884BF27D-322B-4C64-86F6-20754F3B2523}.Debug|x64.Build.0 = Debug|x64
		{884BF27D-322B-4C64-86F6-20754F3B2523}.Debug|x86.ActiveCfg = Debug|Win32
		{884BF27D-322B-4C64-86F6-20754F3B2523}.Debug|x86.Build.0 = Debug|Win32
		{884BF27D-322B-4C64-86F6-20754F3B2523}.Release|x64.ActiveCfg = Release|x64
		{884BF27D-322B-4C64-86F6-20754F3B2523}.Release|x64.Build.0 = Release|x64
		{884BF27D-322B-4C64-86F6-20754F3B2523}.Release|x86.ActiveCfg = Release|Win32
		{884BF27D-322B-4C64-86F6-20754F3B2523}.Release|x86.Build.0 = Release|Win32
	EndGlobalSection
	GlobalSection(SolutionProperties) = preSolution
		HideSolutionNode = FALSE
	EndGlobalSection
	GlobalSection(ExtensibilityGlobals) = postSolution
		SolutionGuid = {9EB3D27B-3168-422A-83B9-9F9159F07E4F}
	EndGlobalSection
EndGlobal
