
Microsoft Visual Studio Solution File, Format Version 12.00
# Visual Studio Version 17
VisualStudioVersion = 17.4.33213.308
MinimumVisualStudioVersion = 10.0.40219.1
Project("{8BC9CEB8-8B4A-11D0-8D11-00A0C91BC942}") = "ПП. Цикл foreach.range-based циклы", "ПП. Цикл foreach.range-based циклы.vcxproj", "{883FA0C9-98AA-4DF5-9227-97B5985E9CFB}"
EndProject
Global
	GlobalSection(SolutionConfigurationPlatforms) = preSolution
		Debug|x64 = Debug|x64
		Debug|x86 = Debug|x86
		Release|x64 = Release|x64
		Release|x86 = Release|x86
	EndGlobalSection
	GlobalSection(ProjectConfigurationPlatforms) = postSolution
		{883FA0C9-98AA-4DF5-9227-97B5985E9CFB}.Debug|x64.ActiveCfg = Debug|x64
		{883FA0C9-98AA-4DF5-9227-97B5985E9CFB}.Debug|x64.Build.0 = Debug|x64
		{883FA0C9-98AA-4DF5-9227-97B5985E9CFB}.Debug|x86.ActiveCfg = Debug|Win32
		{883FA0C9-98AA-4DF5-9227-97B5985E9CFB}.Debug|x86.Build.0 = Debug|Win32
		{883FA0C9-98AA-4DF5-9227-97B5985E9CFB}.Release|x64.ActiveCfg = Release|x64
		{883FA0C9-98AA-4DF5-9227-97B5985E9CFB}.Release|x64.Build.0 = Release|x64
		{883FA0C9-98AA-4DF5-9227-97B5985E9CFB}.Release|x86.ActiveCfg = Release|Win32
		{883FA0C9-98AA-4DF5-9227-97B5985E9CFB}.Release|x86.Build.0 = Release|Win32
	EndGlobalSection
	GlobalSection(SolutionProperties) = preSolution
		HideSolutionNode = FALSE
	EndGlobalSection
	GlobalSection(ExtensibilityGlobals) = postSolution
		SolutionGuid = {6622B9E3-C426-4D32-A6AE-20022B885C22}
	EndGlobalSection
EndGlobal
