
Microsoft Visual Studio Solution File, Format Version 12.00
# Visual Studio Version 17
VisualStudioVersion = 17.4.33213.308
MinimumVisualStudioVersion = 10.0.40219.1
Project("{8BC9CEB8-8B4A-11D0-8D11-00A0C91BC942}") = "ООП.Перегрузка арифметических операторов", "ООП.Перегрузка арифметических операторов.vcxproj", "{0DFB94CF-FC69-4F30-8FCA-6E0A661E270A}"
EndProject
Global
	GlobalSection(SolutionConfigurationPlatforms) = preSolution
		Debug|x64 = Debug|x64
		Debug|x86 = Debug|x86
		Release|x64 = Release|x64
		Release|x86 = Release|x86
	EndGlobalSection
	GlobalSection(ProjectConfigurationPlatforms) = postSolution
		{0DFB94CF-FC69-4F30-8FCA-6E0A661E270A}.Debug|x64.ActiveCfg = Debug|x64
		{0DFB94CF-FC69-4F30-8FCA-6E0A661E270A}.Debug|x64.Build.0 = Debug|x64
		{0DFB94CF-FC69-4F30-8FCA-6E0A661E270A}.Debug|x86.ActiveCfg = Debug|Win32
		{0DFB94CF-FC69-4F30-8FCA-6E0A661E270A}.Debug|x86.Build.0 = Debug|Win32
		{0DFB94CF-FC69-4F30-8FCA-6E0A661E270A}.Release|x64.ActiveCfg = Release|x64
		{0DFB94CF-FC69-4F30-8FCA-6E0A661E270A}.Release|x64.Build.0 = Release|x64
		{0DFB94CF-FC69-4F30-8FCA-6E0A661E270A}.Release|x86.ActiveCfg = Release|Win32
		{0DFB94CF-FC69-4F30-8FCA-6E0A661E270A}.Release|x86.Build.0 = Release|Win32
	EndGlobalSection
	GlobalSection(SolutionProperties) = preSolution
		HideSolutionNode = FALSE
	EndGlobalSection
	GlobalSection(ExtensibilityGlobals) = postSolution
		SolutionGuid = {42D1A741-AC68-4E72-A7E1-56CCA78CDDE6}
	EndGlobalSection
EndGlobal
