
Microsoft Visual Studio Solution File, Format Version 12.00
# Visual Studio Version 17
VisualStudioVersion = 17.4.33213.308
MinimumVisualStudioVersion = 10.0.40219.1
Project("{8BC9CEB8-8B4A-11D0-8D11-00A0C91BC942}") = "Отладка", "Отладка.vcxproj", "{AF2EDB07-8E6B-485E-BD08-8BFDCEA283F3}"
EndProject
Global
	GlobalSection(SolutionConfigurationPlatforms) = preSolution
		Debug|x64 = Debug|x64
		Debug|x86 = Debug|x86
		Release|x64 = Release|x64
		Release|x86 = Release|x86
	EndGlobalSection
	GlobalSection(ProjectConfigurationPlatforms) = postSolution
		{AF2EDB07-8E6B-485E-BD08-8BFDCEA283F3}.Debug|x64.ActiveCfg = Debug|x64
		{AF2EDB07-8E6B-485E-BD08-8BFDCEA283F3}.Debug|x64.Build.0 = Debug|x64
		{AF2EDB07-8E6B-485E-BD08-8BFDCEA283F3}.Debug|x86.ActiveCfg = Debug|Win32
		{AF2EDB07-8E6B-485E-BD08-8BFDCEA283F3}.Debug|x86.Build.0 = Debug|Win32
		{AF2EDB07-8E6B-485E-BD08-8BFDCEA283F3}.Release|x64.ActiveCfg = Release|x64
		{AF2EDB07-8E6B-485E-BD08-8BFDCEA283F3}.Release|x64.Build.0 = Release|x64
		{AF2EDB07-8E6B-485E-BD08-8BFDCEA283F3}.Release|x86.ActiveCfg = Release|Win32
		{AF2EDB07-8E6B-485E-BD08-8BFDCEA283F3}.Release|x86.Build.0 = Release|Win32
	EndGlobalSection
	GlobalSection(SolutionProperties) = preSolution
		HideSolutionNode = FALSE
	EndGlobalSection
	GlobalSection(ExtensibilityGlobals) = postSolution
		SolutionGuid = {B92202FC-875B-4266-A83D-3DC5D7007D35}
	EndGlobalSection
EndGlobal
